
Microsoft Visual Studio Solution File, Format Version 12.00
# Visual Studio 2013
VisualStudioVersion = 12.0.21005.1
MinimumVisualStudioVersion = 10.0.40219.1
Project("{FAE04EC0-301F-11D3-BF4B-00C04F79EFBC}") = "ConsoleApplication1", "ConsoleApplication1\ConsoleApplication1.csproj", "{67D4D79E-C2B0-4A37-B947-AE4000F39043}"
EndProject
Project("{FAE04EC0-301F-11D3-BF4B-00C04F79EFBC}") = "ConsoleApplication2", "ConsoleApplication2\ConsoleApplication2.csproj", "{FAA11457-D370-42A3-980E-20F934776C24}"
EndProject
Project("{FAE04EC0-301F-11D3-BF4B-00C04F79EFBC}") = "ConsoleApplication3", "ConsoleApplication3\ConsoleApplication3.csproj", "{8AD9CC67-89C8-4D31-A8B6-7ED505F06139}"
EndProject
Project("{FAE04EC0-301F-11D3-BF4B-00C04F79EFBC}") = "ConsoleApplication4", "ConsoleApplication4\ConsoleApplication4.csproj", "{BD2BFEFB-1253-4D4E-9747-8EF83DC71EBB}"
EndProject
Project("{FAE04EC0-301F-11D3-BF4B-00C04F79EFBC}") = "ConsoleApplication5", "ConsoleApplication5\ConsoleApplication5.csproj", "{160E094C-85A4-4050-A9F9-01E0D6104C0B}"
EndProject
Project("{FAE04EC0-301F-11D3-BF4B-00C04F79EFBC}") = "ConsoleApplication6", "ConsoleApplication6\ConsoleApplication6.csproj", "{DE06221E-BA1E-4301-B677-1978A211C5CC}"
EndProject
Project("{FAE04EC0-301F-11D3-BF4B-00C04F79EFBC}") = "ConsoleApplication7", "ConsoleApplication7\ConsoleApplication7.csproj", "{CADB7DED-A262-4C62-B9D1-58C59D320AA7}"
EndProject
Project("{FAE04EC0-301F-11D3-BF4B-00C04F79EFBC}") = "ConsoleApplication8", "ConsoleApplication8\ConsoleApplication8.csproj", "{7CC38D31-95F0-4FC9-8D90-0561F4FFDA02}"
EndProject
Project("{FAE04EC0-301F-11D3-BF4B-00C04F79EFBC}") = "ConsoleApplication9", "ConsoleApplication9\ConsoleApplication9.csproj", "{DE528C08-ECFF-4E6C-84FE-EE0EF7A742EF}"
EndProject
Project("{FAE04EC0-301F-11D3-BF4B-00C04F79EFBC}") = "ConsoleApplication10", "ConsoleApplication10\ConsoleApplication10.csproj", "{08CB05FF-F06E-4812-849D-AA82F8DCCD0F}"
EndProject
Project("{FAE04EC0-301F-11D3-BF4B-00C04F79EFBC}") = "ConsoleApplication11", "ConsoleApplication11\ConsoleApplication11.csproj", "{FE1EBCD7-80D8-475F-A732-A481D8F0364E}"
EndProject
Project("{FAE04EC0-301F-11D3-BF4B-00C04F79EFBC}") = "ConsoleApplication12-lamda expresion", "ConsoleApplication12-lamda expresion\ConsoleApplication12-lamda expresion.csproj", "{288F27A9-C01A-4D70-8650-D93FBE8DF852}"
EndProject
Project("{FAE04EC0-301F-11D3-BF4B-00C04F79EFBC}") = "ConsoleApplication13-ExtensionMethodsExample", "ConsoleApplication12-ExtensionMethodsExample\ConsoleApplication13-ExtensionMethodsExample.csproj", "{49918898-E631-4DCD-BDAD-7FC0B80A6E0B}"
EndProject
Project("{FAE04EC0-301F-11D3-BF4B-00C04F79EFBC}") = "ConsoleApplication14-contains any", "ConsoleApplication12-contains any\ConsoleApplication14-contains any.csproj", "{2DC7CAEC-835A-4E13-BE1C-5CAC261E85B9}"
EndProject
Project("{FAE04EC0-301F-11D3-BF4B-00C04F79EFBC}") = "ConsoleApplication15-sample LINQ query", "ConsoleApplication15-sample LINQ query\ConsoleApplication15-sample LINQ query.csproj", "{38475E90-BA6B-4090-B956-17AE4DD37D85}"
EndProject
Project("{FAE04EC0-301F-11D3-BF4B-00C04F79EFBC}") = "ConsoleApplication16-pagination", "ConsoleApplication16-pagination\ConsoleApplication16-pagination.csproj", "{4434F516-3293-4ACE-BC0B-0324D346D7E0}"
EndProject
Project("{FAE04EC0-301F-11D3-BF4B-00C04F79EFBC}") = "ConsoleApplication17-zip", "ConsoleApplication17-zip\ConsoleApplication17-zip.csproj", "{24184DE8-55DF-4B41-82FE-272D51DFDE50}"
EndProject
Project("{FAE04EC0-301F-11D3-BF4B-00C04F79EFBC}") = "ConsoleApplication12- assign-2", "ConsoleApplication12- assign-2\ConsoleApplication12- assign-2.csproj", "{8860932C-9585-4D95-AA17-7514E388DCBB}"
EndProject
Project("{FAE04EC0-301F-11D3-BF4B-00C04F79EFBC}") = "ConsoleApplication12-exeption-using", "ConsoleApplication12-exeption-using\ConsoleApplication12-exeption-using.csproj", "{6356BCA3-0157-4E6D-B089-FD4FF21E7404}"
EndProject
Project("{FAE04EC0-301F-11D3-BF4B-00C04F79EFBC}") = "Program", "Program\Program.csproj", "{00C2D3F9-C065-4F92-B0D2-662DE5358D12}"
EndProject
Project("{FAE04EC0-301F-11D3-BF4B-00C04F79EFBC}") = "ConsoleApplication18-Thread", "ConsoleApplication18-Thread\ConsoleApplication18-Thread.csproj", "{74CA50B1-5165-4C6E-A61B-3DFF24E72495}"
EndProject
Project("{FAE04EC0-301F-11D3-BF4B-00C04F79EFBC}") = "ConsoleApplication12-assign-1", "ConsoleApplication12-assign-1\ConsoleApplication12-assign-1.csproj", "{5D52B8E5-EB0F-4B18-9FFB-2A27C6261C5D}"
EndProject
Project("{FAE04EC0-301F-11D3-BF4B-00C04F79EFBC}") = "ConsoleApplication18-XML", "ConsoleApplication18-XML\ConsoleApplication18-XML.csproj", "{41440EBB-CF40-4401-9A32-2A329227F5AF}"
EndProject
Project("{FAE04EC0-301F-11D3-BF4B-00C04F79EFBC}") = "ClassLibrary1-ADO", "ClassLibrary1-ADO\ClassLibrary1-ADO.csproj", "{C21D4ED3-4D62-4177-B1D9-66834890F477}"
EndProject
Project("{FAE04EC0-301F-11D3-BF4B-00C04F79EFBC}") = "ADO1", "ADO1\ADO1.csproj", "{061392FC-06F1-4DF3-B69C-06183A02D21F}"
EndProject
Project("{FAE04EC0-301F-11D3-BF4B-00C04F79EFBC}") = "UnitTestBankAccount", "UnitTestBankAccount\UnitTestBankAccount.csproj", "{DDC93D2A-B375-446B-84A4-43A2EA4C1317}"
EndProject
Project("{FAE04EC0-301F-11D3-BF4B-00C04F79EFBC}") = "UnitTestProject1", "UnitTestProject1\UnitTestProject1.csproj", "{C4DF42CA-6FC4-4720-B720-EE8AD5734CB8}"
EndProject
Global
	GlobalSection(SolutionConfigurationPlatforms) = preSolution
		Debug|Any CPU = Debug|Any CPU
		Release|Any CPU = Release|Any CPU
	EndGlobalSection
	GlobalSection(ProjectConfigurationPlatforms) = postSolution
		{67D4D79E-C2B0-4A37-B947-AE4000F39043}.Debug|Any CPU.ActiveCfg = Debug|Any CPU
		{67D4D79E-C2B0-4A37-B947-AE4000F39043}.Debug|Any CPU.Build.0 = Debug|Any CPU
		{67D4D79E-C2B0-4A37-B947-AE4000F39043}.Release|Any CPU.ActiveCfg = Release|Any CPU
		{67D4D79E-C2B0-4A37-B947-AE4000F39043}.Release|Any CPU.Build.0 = Release|Any CPU
		{FAA11457-D370-42A3-980E-20F934776C24}.Debug|Any CPU.ActiveCfg = Debug|Any CPU
		{FAA11457-D370-42A3-980E-20F934776C24}.Debug|Any CPU.Build.0 = Debug|Any CPU
		{FAA11457-D370-42A3-980E-20F934776C24}.Release|Any CPU.ActiveCfg = Release|Any CPU
		{FAA11457-D370-42A3-980E-20F934776C24}.Release|Any CPU.Build.0 = Release|Any CPU
		{8AD9CC67-89C8-4D31-A8B6-7ED505F06139}.Debug|Any CPU.ActiveCfg = Debug|Any CPU
		{8AD9CC67-89C8-4D31-A8B6-7ED505F06139}.Debug|Any CPU.Build.0 = Debug|Any CPU
		{8AD9CC67-89C8-4D31-A8B6-7ED505F06139}.Release|Any CPU.ActiveCfg = Release|Any CPU
		{8AD9CC67-89C8-4D31-A8B6-7ED505F06139}.Release|Any CPU.Build.0 = Release|Any CPU
		{BD2BFEFB-1253-4D4E-9747-8EF83DC71EBB}.Debug|Any CPU.ActiveCfg = Debug|Any CPU
		{BD2BFEFB-1253-4D4E-9747-8EF83DC71EBB}.Debug|Any CPU.Build.0 = Debug|Any CPU
		{BD2BFEFB-1253-4D4E-9747-8EF83DC71EBB}.Release|Any CPU.ActiveCfg = Release|Any CPU
		{BD2BFEFB-1253-4D4E-9747-8EF83DC71EBB}.Release|Any CPU.Build.0 = Release|Any CPU
		{160E094C-85A4-4050-A9F9-01E0D6104C0B}.Debug|Any CPU.ActiveCfg = Debug|Any CPU
		{160E094C-85A4-4050-A9F9-01E0D6104C0B}.Debug|Any CPU.Build.0 = Debug|Any CPU
		{160E094C-85A4-4050-A9F9-01E0D6104C0B}.Release|Any CPU.ActiveCfg = Release|Any CPU
		{160E094C-85A4-4050-A9F9-01E0D6104C0B}.Release|Any CPU.Build.0 = Release|Any CPU
		{DE06221E-BA1E-4301-B677-1978A211C5CC}.Debug|Any CPU.ActiveCfg = Debug|Any CPU
		{DE06221E-BA1E-4301-B677-1978A211C5CC}.Debug|Any CPU.Build.0 = Debug|Any CPU
		{DE06221E-BA1E-4301-B677-1978A211C5CC}.Release|Any CPU.ActiveCfg = Release|Any CPU
		{DE06221E-BA1E-4301-B677-1978A211C5CC}.Release|Any CPU.Build.0 = Release|Any CPU
		{CADB7DED-A262-4C62-B9D1-58C59D320AA7}.Debug|Any CPU.ActiveCfg = Debug|Any CPU
		{CADB7DED-A262-4C62-B9D1-58C59D320AA7}.Debug|Any CPU.Build.0 = Debug|Any CPU
		{CADB7DED-A262-4C62-B9D1-58C59D320AA7}.Release|Any CPU.ActiveCfg = Release|Any CPU
		{CADB7DED-A262-4C62-B9D1-58C59D320AA7}.Release|Any CPU.Build.0 = Release|Any CPU
		{7CC38D31-95F0-4FC9-8D90-0561F4FFDA02}.Debug|Any CPU.ActiveCfg = Debug|Any CPU
		{7CC38D31-95F0-4FC9-8D90-0561F4FFDA02}.Debug|Any CPU.Build.0 = Debug|Any CPU
		{7CC38D31-95F0-4FC9-8D90-0561F4FFDA02}.Release|Any CPU.ActiveCfg = Release|Any CPU
		{7CC38D31-95F0-4FC9-8D90-0561F4FFDA02}.Release|Any CPU.Build.0 = Release|Any CPU
		{DE528C08-ECFF-4E6C-84FE-EE0EF7A742EF}.Debug|Any CPU.ActiveCfg = Debug|Any CPU
		{DE528C08-ECFF-4E6C-84FE-EE0EF7A742EF}.Debug|Any CPU.Build.0 = Debug|Any CPU
		{DE528C08-ECFF-4E6C-84FE-EE0EF7A742EF}.Release|Any CPU.ActiveCfg = Release|Any CPU
		{DE528C08-ECFF-4E6C-84FE-EE0EF7A742EF}.Release|Any CPU.Build.0 = Release|Any CPU
		{08CB05FF-F06E-4812-849D-AA82F8DCCD0F}.Debug|Any CPU.ActiveCfg = Debug|Any CPU
		{08CB05FF-F06E-4812-849D-AA82F8DCCD0F}.Debug|Any CPU.Build.0 = Debug|Any CPU
		{08CB05FF-F06E-4812-849D-AA82F8DCCD0F}.Release|Any CPU.ActiveCfg = Release|Any CPU
		{08CB05FF-F06E-4812-849D-AA82F8DCCD0F}.Release|Any CPU.Build.0 = Release|Any CPU
		{FE1EBCD7-80D8-475F-A732-A481D8F0364E}.Debug|Any CPU.ActiveCfg = Debug|Any CPU
		{FE1EBCD7-80D8-475F-A732-A481D8F0364E}.Debug|Any CPU.Build.0 = Debug|Any CPU
		{FE1EBCD7-80D8-475F-A732-A481D8F0364E}.Release|Any CPU.ActiveCfg = Release|Any CPU
		{FE1EBCD7-80D8-475F-A732-A481D8F0364E}.Release|Any CPU.Build.0 = Release|Any CPU
		{288F27A9-C01A-4D70-8650-D93FBE8DF852}.Debug|Any CPU.ActiveCfg = Debug|Any CPU
		{288F27A9-C01A-4D70-8650-D93FBE8DF852}.Debug|Any CPU.Build.0 = Debug|Any CPU
		{288F27A9-C01A-4D70-8650-D93FBE8DF852}.Release|Any CPU.ActiveCfg = Release|Any CPU
		{288F27A9-C01A-4D70-8650-D93FBE8DF852}.Release|Any CPU.Build.0 = Release|Any CPU
		{49918898-E631-4DCD-BDAD-7FC0B80A6E0B}.Debug|Any CPU.ActiveCfg = Debug|Any CPU
		{49918898-E631-4DCD-BDAD-7FC0B80A6E0B}.Debug|Any CPU.Build.0 = Debug|Any CPU
		{49918898-E631-4DCD-BDAD-7FC0B80A6E0B}.Release|Any CPU.ActiveCfg = Release|Any CPU
		{49918898-E631-4DCD-BDAD-7FC0B80A6E0B}.Release|Any CPU.Build.0 = Release|Any CPU
		{2DC7CAEC-835A-4E13-BE1C-5CAC261E85B9}.Debug|Any CPU.ActiveCfg = Debug|Any CPU
		{2DC7CAEC-835A-4E13-BE1C-5CAC261E85B9}.Debug|Any CPU.Build.0 = Debug|Any CPU
		{2DC7CAEC-835A-4E13-BE1C-5CAC261E85B9}.Release|Any CPU.ActiveCfg = Release|Any CPU
		{2DC7CAEC-835A-4E13-BE1C-5CAC261E85B9}.Release|Any CPU.Build.0 = Release|Any CPU
		{38475E90-BA6B-4090-B956-17AE4DD37D85}.Debug|Any CPU.ActiveCfg = Debug|Any CPU
		{38475E90-BA6B-4090-B956-17AE4DD37D85}.Debug|Any CPU.Build.0 = Debug|Any CPU
		{38475E90-BA6B-4090-B956-17AE4DD37D85}.Release|Any CPU.ActiveCfg = Release|Any CPU
		{38475E90-BA6B-4090-B956-17AE4DD37D85}.Release|Any CPU.Build.0 = Release|Any CPU
		{4434F516-3293-4ACE-BC0B-0324D346D7E0}.Debug|Any CPU.ActiveCfg = Debug|Any CPU
		{4434F516-3293-4ACE-BC0B-0324D346D7E0}.Debug|Any CPU.Build.0 = Debug|Any CPU
		{4434F516-3293-4ACE-BC0B-0324D346D7E0}.Release|Any CPU.ActiveCfg = Release|Any CPU
		{4434F516-3293-4ACE-BC0B-0324D346D7E0}.Release|Any CPU.Build.0 = Release|Any CPU
		{24184DE8-55DF-4B41-82FE-272D51DFDE50}.Debug|Any CPU.ActiveCfg = Debug|Any CPU
		{24184DE8-55DF-4B41-82FE-272D51DFDE50}.Debug|Any CPU.Build.0 = Debug|Any CPU
		{24184DE8-55DF-4B41-82FE-272D51DFDE50}.Release|Any CPU.ActiveCfg = Release|Any CPU
		{24184DE8-55DF-4B41-82FE-272D51DFDE50}.Release|Any CPU.Build.0 = Release|Any CPU
		{8860932C-9585-4D95-AA17-7514E388DCBB}.Debug|Any CPU.ActiveCfg = Debug|Any CPU
		{8860932C-9585-4D95-AA17-7514E388DCBB}.Debug|Any CPU.Build.0 = Debug|Any CPU
		{8860932C-9585-4D95-AA17-7514E388DCBB}.Release|Any CPU.ActiveCfg = Release|Any CPU
		{8860932C-9585-4D95-AA17-7514E388DCBB}.Release|Any CPU.Build.0 = Release|Any CPU
		{6356BCA3-0157-4E6D-B089-FD4FF21E7404}.Debug|Any CPU.ActiveCfg = Debug|Any CPU
		{6356BCA3-0157-4E6D-B089-FD4FF21E7404}.Debug|Any CPU.Build.0 = Debug|Any CPU
		{6356BCA3-0157-4E6D-B089-FD4FF21E7404}.Release|Any CPU.ActiveCfg = Release|Any CPU
		{6356BCA3-0157-4E6D-B089-FD4FF21E7404}.Release|Any CPU.Build.0 = Release|Any CPU
		{00C2D3F9-C065-4F92-B0D2-662DE5358D12}.Debug|Any CPU.ActiveCfg = Debug|Any CPU
		{00C2D3F9-C065-4F92-B0D2-662DE5358D12}.Debug|Any CPU.Build.0 = Debug|Any CPU
		{00C2D3F9-C065-4F92-B0D2-662DE5358D12}.Release|Any CPU.ActiveCfg = Release|Any CPU
		{00C2D3F9-C065-4F92-B0D2-662DE5358D12}.Release|Any CPU.Build.0 = Release|Any CPU
		{74CA50B1-5165-4C6E-A61B-3DFF24E72495}.Debug|Any CPU.ActiveCfg = Debug|Any CPU
		{74CA50B1-5165-4C6E-A61B-3DFF24E72495}.Debug|Any CPU.Build.0 = Debug|Any CPU
		{74CA50B1-5165-4C6E-A61B-3DFF24E72495}.Release|Any CPU.ActiveCfg = Release|Any CPU
		{74CA50B1-5165-4C6E-A61B-3DFF24E72495}.Release|Any CPU.Build.0 = Release|Any CPU
		{5D52B8E5-EB0F-4B18-9FFB-2A27C6261C5D}.Debug|Any CPU.ActiveCfg = Debug|Any CPU
		{5D52B8E5-EB0F-4B18-9FFB-2A27C6261C5D}.Debug|Any CPU.Build.0 = Debug|Any CPU
		{5D52B8E5-EB0F-4B18-9FFB-2A27C6261C5D}.Release|Any CPU.ActiveCfg = Release|Any CPU
		{5D52B8E5-EB0F-4B18-9FFB-2A27C6261C5D}.Release|Any CPU.Build.0 = Release|Any CPU
		{41440EBB-CF40-4401-9A32-2A329227F5AF}.Debug|Any CPU.ActiveCfg = Debug|Any CPU
		{41440EBB-CF40-4401-9A32-2A329227F5AF}.Debug|Any CPU.Build.0 = Debug|Any CPU
		{41440EBB-CF40-4401-9A32-2A329227F5AF}.Release|Any CPU.ActiveCfg = Release|Any CPU
		{41440EBB-CF40-4401-9A32-2A329227F5AF}.Release|Any CPU.Build.0 = Release|Any CPU
		{C21D4ED3-4D62-4177-B1D9-66834890F477}.Debug|Any CPU.ActiveCfg = Debug|Any CPU
		{C21D4ED3-4D62-4177-B1D9-66834890F477}.Debug|Any CPU.Build.0 = Debug|Any CPU
		{C21D4ED3-4D62-4177-B1D9-66834890F477}.Release|Any CPU.ActiveCfg = Release|Any CPU
		{C21D4ED3-4D62-4177-B1D9-66834890F477}.Release|Any CPU.Build.0 = Release|Any CPU
		{061392FC-06F1-4DF3-B69C-06183A02D21F}.Debug|Any CPU.ActiveCfg = Debug|Any CPU
		{061392FC-06F1-4DF3-B69C-06183A02D21F}.Debug|Any CPU.Build.0 = Debug|Any CPU
		{061392FC-06F1-4DF3-B69C-06183A02D21F}.Release|Any CPU.ActiveCfg = Release|Any CPU
		{061392FC-06F1-4DF3-B69C-06183A02D21F}.Release|Any CPU.Build.0 = Release|Any CPU
		{DDC93D2A-B375-446B-84A4-43A2EA4C1317}.Debug|Any CPU.ActiveCfg = Debug|Any CPU
		{DDC93D2A-B375-446B-84A4-43A2EA4C1317}.Debug|Any CPU.Build.0 = Debug|Any CPU
		{DDC93D2A-B375-446B-84A4-43A2EA4C1317}.Release|Any CPU.ActiveCfg = Release|Any CPU
		{DDC93D2A-B375-446B-84A4-43A2EA4C1317}.Release|Any CPU.Build.0 = Release|Any CPU
		{C4DF42CA-6FC4-4720-B720-EE8AD5734CB8}.Debug|Any CPU.ActiveCfg = Debug|Any CPU
		{C4DF42CA-6FC4-4720-B720-EE8AD5734CB8}.Debug|Any CPU.Build.0 = Debug|Any CPU
		{C4DF42CA-6FC4-4720-B720-EE8AD5734CB8}.Release|Any CPU.ActiveCfg = Release|Any CPU
		{C4DF42CA-6FC4-4720-B720-EE8AD5734CB8}.Release|Any CPU.Build.0 = Release|Any CPU
	EndGlobalSection
	GlobalSection(SolutionProperties) = preSolution
		HideSolutionNode = FALSE
	EndGlobalSection
EndGlobal
